
Microsoft Visual Studio Solution File, Format Version 12.00
# Visual Studio Version 17
VisualStudioVersion = 17.13.35931.197 d17.13
MinimumVisualStudioVersion = 10.0.40219.1
Project("{8BC9CEB8-8B4A-11D0-8D11-00A0C91BC942}") = "CanvasGlut", "CanvasGlut\GLut.vcxproj", "{C8AB5709-970E-49EB-A735-EB47E3D4E683}"
EndProject
Global
	GlobalSection(SolutionConfigurationPlatforms) = preSolution
		Debug|x64 = Debug|x64
		Debug|x86 = Debug|x86
		Release|x64 = Release|x64
		Release|x86 = Release|x86
	EndGlobalSection
	GlobalSection(ProjectConfigurationPlatforms) = postSolution
		{C8AB5709-970E-49EB-A735-EB47E3D4E683}.Debug|x64.ActiveCfg = Debug|x64
		{C8AB5709-970E-49EB-A735-EB47E3D4E683}.Debug|x64.Build.0 = Debug|x64
		{C8AB5709-970E-49EB-A735-EB47E3D4E683}.Debug|x86.ActiveCfg = Debug|Win32
		{C8AB5709-970E-49EB-A735-EB47E3D4E683}.Debug|x86.Build.0 = Debug|Win32
		{C8AB5709-970E-49EB-A735-EB47E3D4E683}.Release|x64.ActiveCfg = Release|x64
		{C8AB5709-970E-49EB-A735-EB47E3D4E683}.Release|x64.Build.0 = Release|x64
		{C8AB5709-970E-49EB-A735-EB47E3D4E683}.Release|x86.ActiveCfg = Release|Win32
		{C8AB5709-970E-49EB-A735-EB47E3D4E683}.Release|x86.Build.0 = Release|Win32
	EndGlobalSection
	GlobalSection(SolutionProperties) = preSolution
		HideSolutionNode = FALSE
	EndGlobalSection
	GlobalSection(ExtensibilityGlobals) = postSolution
		SolutionGuid = {D21551FC-410E-430F-84C9-0912CB8CA546}
	EndGlobalSection
EndGlobal
